
Microsoft Visual Studio Solution File, Format Version 12.00
# Visual Studio 2013
VisualStudioVersion = 12.0.31101.0
MinimumVisualStudioVersion = 10.0.40219.1
Project("{F2A71F9B-5D33-465A-A702-920D77279786}") = "MachRep1", "MachRep1\MachRep1.fsproj", "{1316AA27-8AF7-4A4F-965C-B894234B3838}"
EndProject
Project("{F2A71F9B-5D33-465A-A702-920D77279786}") = "MachRep2", "MachRep2\MachRep2.fsproj", "{C0D95642-2E93-4062-A087-1DE3A884BD3D}"
EndProject
Project("{F2A71F9B-5D33-465A-A702-920D77279786}") = "Simulation.Aivika.CE", "..\src\Simulation.Aivika\Simulation.Aivika.CE.fsproj", "{ECA8ECAF-15E7-4AB9-B816-F90AA007410B}"
EndProject
Global
	GlobalSection(SolutionConfigurationPlatforms) = preSolution
		Debug|Any CPU = Debug|Any CPU
		Release|Any CPU = Release|Any CPU
	EndGlobalSection
	GlobalSection(ProjectConfigurationPlatforms) = postSolution
		{1316AA27-8AF7-4A4F-965C-B894234B3838}.Debug|Any CPU.ActiveCfg = Debug|Any CPU
		{1316AA27-8AF7-4A4F-965C-B894234B3838}.Debug|Any CPU.Build.0 = Debug|Any CPU
		{1316AA27-8AF7-4A4F-965C-B894234B3838}.Release|Any CPU.ActiveCfg = Release|Any CPU
		{1316AA27-8AF7-4A4F-965C-B894234B3838}.Release|Any CPU.Build.0 = Release|Any CPU
		{C0D95642-2E93-4062-A087-1DE3A884BD3D}.Debug|Any CPU.ActiveCfg = Debug|Any CPU
		{C0D95642-2E93-4062-A087-1DE3A884BD3D}.Debug|Any CPU.Build.0 = Debug|Any CPU
		{C0D95642-2E93-4062-A087-1DE3A884BD3D}.Release|Any CPU.ActiveCfg = Release|Any CPU
		{C0D95642-2E93-4062-A087-1DE3A884BD3D}.Release|Any CPU.Build.0 = Release|Any CPU
		{ECA8ECAF-15E7-4AB9-B816-F90AA007410B}.Debug|Any CPU.ActiveCfg = Debug|Any CPU
		{ECA8ECAF-15E7-4AB9-B816-F90AA007410B}.Debug|Any CPU.Build.0 = Debug|Any CPU
		{ECA8ECAF-15E7-4AB9-B816-F90AA007410B}.Release|Any CPU.ActiveCfg = Release|Any CPU
		{ECA8ECAF-15E7-4AB9-B816-F90AA007410B}.Release|Any CPU.Build.0 = Release|Any CPU
	EndGlobalSection
	GlobalSection(SolutionProperties) = preSolution
		HideSolutionNode = FALSE
	EndGlobalSection
EndGlobal
